
Microsoft Visual Studio Solution File, Format Version 12.00
# Visual Studio Version 17
VisualStudioVersion = 17.1.32328.378
MinimumVisualStudioVersion = 10.0.40219.1
Project("{9A19103F-16F7-4668-BE54-9A1E7A4F7556}") = "KUSYSDemo.Web", "KusysProject\KUSYSDemo.Web.csproj", "{EAC05A29-B8C5-449F-894C-797B820CE076}"
EndProject
Project("{2150E333-8FDC-42A3-9474-1A3956D46DE8}") = "Library", "Library", "{68EA8078-275D-465B-8190-4CE00ED74041}"
EndProject
Project("{9A19103F-16F7-4668-BE54-9A1E7A4F7556}") = "KUSYSDemo.Business", "Library\Businnes\KUSYSDemo.Business.csproj", "{F574CBEC-8A0B-40C7-BBD9-62DB2FF06B5E}"
EndProject
Project("{9A19103F-16F7-4668-BE54-9A1E7A4F7556}") = "KUSYSDemo.Core", "Library\Core\KUSYSDemo.Core.csproj", "{3903DF0E-9522-4297-AC5D-021439224A5E}"
EndProject
Project("{9A19103F-16F7-4668-BE54-9A1E7A4F7556}") = "KUSYSDemo.DataAccess", "Library\DataAccess\KUSYSDemo.DataAccess.csproj", "{F1B11CBB-C4AA-46AA-9071-771A2784EAB8}"
EndProject
Project("{9A19103F-16F7-4668-BE54-9A1E7A4F7556}") = "KUSYSDemo.Models", "Library\Models\KUSYSDemo.Models.csproj", "{42F2A179-4285-4F94-A330-8246D71EB867}"
EndProject
Project("{9A19103F-16F7-4668-BE54-9A1E7A4F7556}") = "KUSYSDemo.Entities", "Library\KUSYSDemo.Entities\KUSYSDemo.Entities.csproj", "{6D1BE436-A59C-433E-8C18-6D17A8E76A8E}"
EndProject
Global
	GlobalSection(SolutionConfigurationPlatforms) = preSolution
		Debug|Any CPU = Debug|Any CPU
		Release|Any CPU = Release|Any CPU
	EndGlobalSection
	GlobalSection(ProjectConfigurationPlatforms) = postSolution
		{EAC05A29-B8C5-449F-894C-797B820CE076}.Debug|Any CPU.ActiveCfg = Debug|Any CPU
		{EAC05A29-B8C5-449F-894C-797B820CE076}.Debug|Any CPU.Build.0 = Debug|Any CPU
		{EAC05A29-B8C5-449F-894C-797B820CE076}.Release|Any CPU.ActiveCfg = Release|Any CPU
		{EAC05A29-B8C5-449F-894C-797B820CE076}.Release|Any CPU.Build.0 = Release|Any CPU
		{F574CBEC-8A0B-40C7-BBD9-62DB2FF06B5E}.Debug|Any CPU.ActiveCfg = Debug|Any CPU
		{F574CBEC-8A0B-40C7-BBD9-62DB2FF06B5E}.Debug|Any CPU.Build.0 = Debug|Any CPU
		{F574CBEC-8A0B-40C7-BBD9-62DB2FF06B5E}.Release|Any CPU.ActiveCfg = Release|Any CPU
		{F574CBEC-8A0B-40C7-BBD9-62DB2FF06B5E}.Release|Any CPU.Build.0 = Release|Any CPU
		{3903DF0E-9522-4297-AC5D-021439224A5E}.Debug|Any CPU.ActiveCfg = Debug|Any CPU
		{3903DF0E-9522-4297-AC5D-021439224A5E}.Debug|Any CPU.Build.0 = Debug|Any CPU
		{3903DF0E-9522-4297-AC5D-021439224A5E}.Release|Any CPU.ActiveCfg = Release|Any CPU
		{3903DF0E-9522-4297-AC5D-021439224A5E}.Release|Any CPU.Build.0 = Release|Any CPU
		{F1B11CBB-C4AA-46AA-9071-771A2784EAB8}.Debug|Any CPU.ActiveCfg = Debug|Any CPU
		{F1B11CBB-C4AA-46AA-9071-771A2784EAB8}.Debug|Any CPU.Build.0 = Debug|Any CPU
		{F1B11CBB-C4AA-46AA-9071-771A2784EAB8}.Release|Any CPU.ActiveCfg = Release|Any CPU
		{F1B11CBB-C4AA-46AA-9071-771A2784EAB8}.Release|Any CPU.Build.0 = Release|Any CPU
		{42F2A179-4285-4F94-A330-8246D71EB867}.Debug|Any CPU.ActiveCfg = Debug|Any CPU
		{42F2A179-4285-4F94-A330-8246D71EB867}.Debug|Any CPU.Build.0 = Debug|Any CPU
		{42F2A179-4285-4F94-A330-8246D71EB867}.Release|Any CPU.ActiveCfg = Release|Any CPU
		{42F2A179-4285-4F94-A330-8246D71EB867}.Release|Any CPU.Build.0 = Release|Any CPU
		{6D1BE436-A59C-433E-8C18-6D17A8E76A8E}.Debug|Any CPU.ActiveCfg = Debug|Any CPU
		{6D1BE436-A59C-433E-8C18-6D17A8E76A8E}.Debug|Any CPU.Build.0 = Debug|Any CPU
		{6D1BE436-A59C-433E-8C18-6D17A8E76A8E}.Release|Any CPU.ActiveCfg = Release|Any CPU
		{6D1BE436-A59C-433E-8C18-6D17A8E76A8E}.Release|Any CPU.Build.0 = Release|Any CPU
	EndGlobalSection
	GlobalSection(SolutionProperties) = preSolution
		HideSolutionNode = FALSE
	EndGlobalSection
	GlobalSection(NestedProjects) = preSolution
		{F574CBEC-8A0B-40C7-BBD9-62DB2FF06B5E} = {68EA8078-275D-465B-8190-4CE00ED74041}
		{3903DF0E-9522-4297-AC5D-021439224A5E} = {68EA8078-275D-465B-8190-4CE00ED74041}
		{F1B11CBB-C4AA-46AA-9071-771A2784EAB8} = {68EA8078-275D-465B-8190-4CE00ED74041}
		{42F2A179-4285-4F94-A330-8246D71EB867} = {68EA8078-275D-465B-8190-4CE00ED74041}
		{6D1BE436-A59C-433E-8C18-6D17A8E76A8E} = {68EA8078-275D-465B-8190-4CE00ED74041}
	EndGlobalSection
	GlobalSection(ExtensibilityGlobals) = postSolution
		SolutionGuid = {C2CCBF43-5281-4883-9587-B55FBFC85428}
	EndGlobalSection
EndGlobal
