
Microsoft Visual Studio Solution File, Format Version 12.00
# Visual Studio Version 17
VisualStudioVersion = 17.1.32328.378
MinimumVisualStudioVersion = 10.0.40219.1
Project("{2150E333-8FDC-42A3-9474-1A3956D46DE8}") = "Library", "Library", "{68EA8078-275D-465B-8190-4CE00ED74041}"
EndProject
Project("{9A19103F-16F7-4668-BE54-9A1E7A4F7556}") = "Piccus.Business", "Library\Businnes\Piccus.Business.csproj", "{F574CBEC-8A0B-40C7-BBD9-62DB2FF06B5E}"
EndProject
Project("{9A19103F-16F7-4668-BE54-9A1E7A4F7556}") = "Piccus.Core", "Library\Core\Piccus.Core.csproj", "{3903DF0E-9522-4297-AC5D-021439224A5E}"
EndProject
Project("{9A19103F-16F7-4668-BE54-9A1E7A4F7556}") = "Piccus.DataAccess", "Library\DataAccess\Piccus.DataAccess.csproj", "{F1B11CBB-C4AA-46AA-9071-771A2784EAB8}"
EndProject
Project("{9A19103F-16F7-4668-BE54-9A1E7A4F7556}") = "Piccus.Models", "Library\Models\Piccus.Models.csproj", "{42F2A179-4285-4F94-A330-8246D71EB867}"
EndProject
Project("{9A19103F-16F7-4668-BE54-9A1E7A4F7556}") = "Piccus.Entities", "Library\Entities\Piccus.Entities.csproj", "{6D1BE436-A59C-433E-8C18-6D17A8E76A8E}"
EndProject
Project("{9A19103F-16F7-4668-BE54-9A1E7A4F7556}") = "Piccus.Web", "Piccus\Piccus.Web.csproj", "{42976CFC-D0C2-4190-9B14-5A65B9373AC8}"
EndProject
Project("{2150E333-8FDC-42A3-9474-1A3956D46DE8}") = "Web", "Web", "{B40EE1E0-980C-4C81-B9E2-E78067BF8679}"
EndProject
Global
	GlobalSection(SolutionConfigurationPlatforms) = preSolution
		Debug|Any CPU = Debug|Any CPU
		Release|Any CPU = Release|Any CPU
	EndGlobalSection
	GlobalSection(ProjectConfigurationPlatforms) = postSolution
		{F574CBEC-8A0B-40C7-BBD9-62DB2FF06B5E}.Debug|Any CPU.ActiveCfg = Debug|Any CPU
		{F574CBEC-8A0B-40C7-BBD9-62DB2FF06B5E}.Debug|Any CPU.Build.0 = Debug|Any CPU
		{F574CBEC-8A0B-40C7-BBD9-62DB2FF06B5E}.Release|Any CPU.ActiveCfg = Release|Any CPU
		{F574CBEC-8A0B-40C7-BBD9-62DB2FF06B5E}.Release|Any CPU.Build.0 = Release|Any CPU
		{3903DF0E-9522-4297-AC5D-021439224A5E}.Debug|Any CPU.ActiveCfg = Debug|Any CPU
		{3903DF0E-9522-4297-AC5D-021439224A5E}.Debug|Any CPU.Build.0 = Debug|Any CPU
		{3903DF0E-9522-4297-AC5D-021439224A5E}.Release|Any CPU.ActiveCfg = Release|Any CPU
		{3903DF0E-9522-4297-AC5D-021439224A5E}.Release|Any CPU.Build.0 = Release|Any CPU
		{F1B11CBB-C4AA-46AA-9071-771A2784EAB8}.Debug|Any CPU.ActiveCfg = Debug|Any CPU
		{F1B11CBB-C4AA-46AA-9071-771A2784EAB8}.Debug|Any CPU.Build.0 = Debug|Any CPU
		{F1B11CBB-C4AA-46AA-9071-771A2784EAB8}.Release|Any CPU.ActiveCfg = Release|Any CPU
		{F1B11CBB-C4AA-46AA-9071-771A2784EAB8}.Release|Any CPU.Build.0 = Release|Any CPU
		{42F2A179-4285-4F94-A330-8246D71EB867}.Debug|Any CPU.ActiveCfg = Debug|Any CPU
		{42F2A179-4285-4F94-A330-8246D71EB867}.Debug|Any CPU.Build.0 = Debug|Any CPU
		{42F2A179-4285-4F94-A330-8246D71EB867}.Release|Any CPU.ActiveCfg = Release|Any CPU
		{42F2A179-4285-4F94-A330-8246D71EB867}.Release|Any CPU.Build.0 = Release|Any CPU
		{6D1BE436-A59C-433E-8C18-6D17A8E76A8E}.Debug|Any CPU.ActiveCfg = Debug|Any CPU
		{6D1BE436-A59C-433E-8C18-6D17A8E76A8E}.Debug|Any CPU.Build.0 = Debug|Any CPU
		{6D1BE436-A59C-433E-8C18-6D17A8E76A8E}.Release|Any CPU.ActiveCfg = Release|Any CPU
		{6D1BE436-A59C-433E-8C18-6D17A8E76A8E}.Release|Any CPU.Build.0 = Release|Any CPU
		{42976CFC-D0C2-4190-9B14-5A65B9373AC8}.Debug|Any CPU.ActiveCfg = Debug|Any CPU
		{42976CFC-D0C2-4190-9B14-5A65B9373AC8}.Debug|Any CPU.Build.0 = Debug|Any CPU
		{42976CFC-D0C2-4190-9B14-5A65B9373AC8}.Release|Any CPU.ActiveCfg = Release|Any CPU
		{42976CFC-D0C2-4190-9B14-5A65B9373AC8}.Release|Any CPU.Build.0 = Release|Any CPU
	EndGlobalSection
	GlobalSection(SolutionProperties) = preSolution
		HideSolutionNode = FALSE
	EndGlobalSection
	GlobalSection(NestedProjects) = preSolution
		{F574CBEC-8A0B-40C7-BBD9-62DB2FF06B5E} = {68EA8078-275D-465B-8190-4CE00ED74041}
		{3903DF0E-9522-4297-AC5D-021439224A5E} = {68EA8078-275D-465B-8190-4CE00ED74041}
		{F1B11CBB-C4AA-46AA-9071-771A2784EAB8} = {68EA8078-275D-465B-8190-4CE00ED74041}
		{42F2A179-4285-4F94-A330-8246D71EB867} = {68EA8078-275D-465B-8190-4CE00ED74041}
		{6D1BE436-A59C-433E-8C18-6D17A8E76A8E} = {68EA8078-275D-465B-8190-4CE00ED74041}
		{42976CFC-D0C2-4190-9B14-5A65B9373AC8} = {B40EE1E0-980C-4C81-B9E2-E78067BF8679}
	EndGlobalSection
	GlobalSection(ExtensibilityGlobals) = postSolution
		SolutionGuid = {C2CCBF43-5281-4883-9587-B55FBFC85428}
	EndGlobalSection
EndGlobal
